format foundation.lock/v1
root example.app 1.0.0
target linux
package example.greeting 1.0.0 sha256:0bc682288bc50e8572e3deba8ff889750aeabcb836ab65dd5e0e1ccd121daa71 registry default
package example.local 1.0.0 sha256:99633e7189727798cae53ccdfba69b7389fa4864100a1f1c0014d5451bbdf5e2 path ../local
edge example.app example.greeting
edge example.app example.local
