format foundation.lock/v1
root tour.app 1.0.0
target linux
package tour.math 1.0.0 sha256:4a27c1a663c825862f8e73e2b621ddb27c4cd863df7485b88f6528f33409607e path ../math
package tour.text 1.0.0 sha256:c8c18e5a1b8d51d32380b4af014e42912c7741c4998b2bd058fddced2539a28f path ../text
edge tour.app tour.math
edge tour.app tour.text
