format foundation.lock/v1
root tour.app 1.0.0
target linux
package tour.math 1.0.0 sha256:0b8ad950828c24a95fa348a3ddb2bbe8236f301821173c5d9d6406b424ead23c path ../math
package tour.text 1.0.0 sha256:ad765341987e7e61eb81097c6cccca99d203a11aba1babab0b2bf89218815ad8 path ../text
edge tour.app tour.math
edge tour.app tour.text
